
Microsoft Visual Studio Solution File, Format Version 12.00
# Visual Studio Version 18
VisualStudioVersion = 18.1.11312.151 d18.0
MinimumVisualStudioVersion = 10.0.40219.1
Project("{FAE04EC0-301F-11D3-BF4B-00C04F79EFBC}") = "Projekt", "Projekt\Projekt.csproj", "{E9169B10-1F1F-43BE-AA94-4E045D6CEF15}"
EndProject
Global
	GlobalSection(SolutionConfigurationPlatforms) = preSolution
		Debug|Any CPU = Debug|Any CPU
		Release|Any CPU = Release|Any CPU
	EndGlobalSection
	GlobalSection(ProjectConfigurationPlatforms) = postSolution
		{E9169B10-1F1F-43BE-AA94-4E045D6CEF15}.Debug|Any CPU.ActiveCfg = Debug|Any CPU
		{E9169B10-1F1F-43BE-AA94-4E045D6CEF15}.Debug|Any CPU.Build.0 = Debug|Any CPU
		{E9169B10-1F1F-43BE-AA94-4E045D6CEF15}.Release|Any CPU.ActiveCfg = Release|Any CPU
		{E9169B10-1F1F-43BE-AA94-4E045D6CEF15}.Release|Any CPU.Build.0 = Release|Any CPU
	EndGlobalSection
	GlobalSection(SolutionProperties) = preSolution
		HideSolutionNode = FALSE
	EndGlobalSection
	GlobalSection(ExtensibilityGlobals) = postSolution
		SolutionGuid = {0E20A401-B611-4662-8A8C-D09905C04AFA}
	EndGlobalSection
EndGlobal
